
Microsoft Visual Studio Solution File, Format Version 12.00
# Visual Studio Version 16
VisualStudioVersion = 16.0.29324.140
MinimumVisualStudioVersion = 15.0.26124.0
Project("{9A19103F-16F7-4668-BE54-9A1E7A4F7556}") = "ClassLib1", "src\ClassLib1\ClassLib1.csproj", "{B1A412D8-EC26-4AAE-A15A-E861628F742C}"
EndProject
Project("{2150E333-8FDC-42A3-9474-1A3956D46DE8}") = "src", "src", "{1C0ABAA4-DF44-4F1A-ABB1-699823728355}"
EndProject
Project("{FAE04EC0-301F-11D3-BF4B-00C04F79EFBC}") = "ClassLib1.Tests", "src\ClassLib1.Tests\ClassLib1.Tests.csproj", "{6AE7FCC7-E2F2-44EF-BB2A-5A8EBAC8839E}"
EndProject
Global
	GlobalSection(SolutionConfigurationPlatforms) = preSolution
		Debug|Any CPU = Debug|Any CPU
		Debug|x64 = Debug|x64
		Debug|x86 = Debug|x86
		Release|Any CPU = Release|Any CPU
		Release|x64 = Release|x64
		Release|x86 = Release|x86
	EndGlobalSection
	GlobalSection(ProjectConfigurationPlatforms) = postSolution
		{B1A412D8-EC26-4AAE-A15A-E861628F742C}.Debug|Any CPU.ActiveCfg = Debug|Any CPU
		{B1A412D8-EC26-4AAE-A15A-E861628F742C}.Debug|Any CPU.Build.0 = Debug|Any CPU
		{B1A412D8-EC26-4AAE-A15A-E861628F742C}.Debug|x64.ActiveCfg = Debug|Any CPU
		{B1A412D8-EC26-4AAE-A15A-E861628F742C}.Debug|x64.Build.0 = Debug|Any CPU
		{B1A412D8-EC26-4AAE-A15A-E861628F742C}.Debug|x86.ActiveCfg = Debug|Any CPU
		{B1A412D8-EC26-4AAE-A15A-E861628F742C}.Debug|x86.Build.0 = Debug|Any CPU
		{B1A412D8-EC26-4AAE-A15A-E861628F742C}.Release|Any CPU.ActiveCfg = Release|Any CPU
		{B1A412D8-EC26-4AAE-A15A-E861628F742C}.Release|Any CPU.Build.0 = Release|Any CPU
		{B1A412D8-EC26-4AAE-A15A-E861628F742C}.Release|x64.ActiveCfg = Release|Any CPU
		{B1A412D8-EC26-4AAE-A15A-E861628F742C}.Release|x64.Build.0 = Release|Any CPU
		{B1A412D8-EC26-4AAE-A15A-E861628F742C}.Release|x86.ActiveCfg = Release|Any CPU
		{B1A412D8-EC26-4AAE-A15A-E861628F742C}.Release|x86.Build.0 = Release|Any CPU
		{6AE7FCC7-E2F2-44EF-BB2A-5A8EBAC8839E}.Debug|Any CPU.ActiveCfg = Debug|Any CPU
		{6AE7FCC7-E2F2-44EF-BB2A-5A8EBAC8839E}.Debug|Any CPU.Build.0 = Debug|Any CPU
		{6AE7FCC7-E2F2-44EF-BB2A-5A8EBAC8839E}.Debug|x64.ActiveCfg = Debug|Any CPU
		{6AE7FCC7-E2F2-44EF-BB2A-5A8EBAC8839E}.Debug|x64.Build.0 = Debug|Any CPU
		{6AE7FCC7-E2F2-44EF-BB2A-5A8EBAC8839E}.Debug|x86.ActiveCfg = Debug|Any CPU
		{6AE7FCC7-E2F2-44EF-BB2A-5A8EBAC8839E}.Debug|x86.Build.0 = Debug|Any CPU
		{6AE7FCC7-E2F2-44EF-BB2A-5A8EBAC8839E}.Release|Any CPU.ActiveCfg = Release|Any CPU
		{6AE7FCC7-E2F2-44EF-BB2A-5A8EBAC8839E}.Release|Any CPU.Build.0 = Release|Any CPU
		{6AE7FCC7-E2F2-44EF-BB2A-5A8EBAC8839E}.Release|x64.ActiveCfg = Release|Any CPU
		{6AE7FCC7-E2F2-44EF-BB2A-5A8EBAC8839E}.Release|x64.Build.0 = Release|Any CPU
		{6AE7FCC7-E2F2-44EF-BB2A-5A8EBAC8839E}.Release|x86.ActiveCfg = Release|Any CPU
		{6AE7FCC7-E2F2-44EF-BB2A-5A8EBAC8839E}.Release|x86.Build.0 = Release|Any CPU
	EndGlobalSection
	GlobalSection(SolutionProperties) = preSolution
		HideSolutionNode = FALSE
	EndGlobalSection
	GlobalSection(ExtensibilityGlobals) = postSolution
		SolutionGuid = {AABA573C-462C-4926-910C-31112D720523}
	EndGlobalSection
	GlobalSection(NestedProjects) = preSolution
		{6AE7FCC7-E2F2-44EF-BB2A-5A8EBAC8839E} = {1C0ABAA4-DF44-4F1A-ABB1-699823728355}
	EndGlobalSection
EndGlobal
